// !$*UTF8*$!
{
	archiveVersion = 1;
	classes = {
	};
	objectVersion = 46;
	objects = {

/* Begin PBXBuildFile section */
		2800CFD71463451C007E8673 /* UIKit.framework in Frameworks */ = {isa = PBXBuildFile; fileRef = 2800CFD61463451C007E8673 /* UIKit.framework */; };
		2800CFD91463451C007E8673 /* Foundation.framework in Frameworks */ = {isa = PBXBuildFile; fileRef = 2800CFD81463451C007E8673 /* Foundation.framework */; };
		2800CFDB1463451C007E8673 /* CoreGraphics.framework in Frameworks */ = {isa = PBXBuildFile; fileRef = 2800CFDA1463451C007E8673 /* CoreGraphics.framework */; };
		2800CFE11463451C007E8673 /* InfoPlist.strings in Resources */ = {isa = PBXBuildFile; fileRef = 2800CFDF1463451C007E8673 /* InfoPlist.strings */; };
		2800CFE31463451C007E8673 /* main.m in Sources */ = {isa = PBXBuildFile; fileRef = 2800CFE21463451C007E8673 /* main.m */; };
		2800CFE71463451C007E8673 /* AppDelegate.m in Sources */ = {isa = PBXBuildFile; fileRef = 2800CFE61463451C007E8673 /* AppDelegate.m */; };
		2800CFF51463451C007E8673 /* SenTestingKit.framework in Frameworks */ = {isa = PBXBuildFile; fileRef = 2800CFF41463451C007E8673 /* SenTestingKit.framework */; };
		2800CFF61463451C007E8673 /* UIKit.framework in Frameworks */ = {isa = PBXBuildFile; fileRef = 2800CFD61463451C007E8673 /* UIKit.framework */; };
		2800CFF71463451C007E8673 /* Foundation.framework in Frameworks */ = {isa = PBXBuildFile; fileRef = 2800CFD81463451C007E8673 /* Foundation.framework */; };
		2800CFFF1463451C007E8673 /* InfoPlist.strings in Resources */ = {isa = PBXBuildFile; fileRef = 2800CFFD1463451C007E8673 /* InfoPlist.strings */; };
		2800D0021463451C007E8673 /* myChoiceTests.m in Sources */ = {isa = PBXBuildFile; fileRef = 2800D0011463451C007E8673 /* myChoiceTests.m */; };
		2837988C146705C0002C60E7 /* mainbg.png in Resources */ = {isa = PBXBuildFile; fileRef = 2837988B146705C0002C60E7 /* mainbg.png */; };
		283BAE19146E1D3B00C7984C /* RootViewController.m in Sources */ = {isa = PBXBuildFile; fileRef = 283BAE18146E1D3B00C7984C /* RootViewController.m */; };
		283BAE7C146F58EB00C7984C /* DataViewController.m in Sources */ = {isa = PBXBuildFile; fileRef = 283BAE7B146F58EB00C7984C /* DataViewController.m */; };
		283BAE83146F598D00C7984C /* ModelController.m in Sources */ = {isa = PBXBuildFile; fileRef = 283BAE82146F598D00C7984C /* ModelController.m */; };
		283BAE85146F678000C7984C /* MainStoryboard.storyboard in Resources */ = {isa = PBXBuildFile; fileRef = 283BAE84146F677F00C7984C /* MainStoryboard.storyboard */; };
		283BAE93146F86AC00C7984C /* nokia-x7.jpg in Resources */ = {isa = PBXBuildFile; fileRef = 283BAE92146F86AC00C7984C /* nokia-x7.jpg */; };
		283BAE95146F870600C7984C /* chevycamaro.jpg in Resources */ = {isa = PBXBuildFile; fileRef = 283BAE94146F870600C7984C /* chevycamaro.jpg */; };
		283BAE97146F87FE00C7984C /* Lenovo-IdeaCentre-A300.jpg in Resources */ = {isa = PBXBuildFile; fileRef = 283BAE96146F87FE00C7984C /* Lenovo-IdeaCentre-A300.jpg */; };
/* End PBXBuildFile section */

/* Begin PBXContainerItemProxy section */
		2800CFF81463451C007E8673 /* PBXContainerItemProxy */ = {
			isa = PBXContainerItemProxy;
			containerPortal = 2800CFC91463451C007E8673 /* Project object */;
			proxyType = 1;
			remoteGlobalIDString = 2800CFD11463451C007E8673;
			remoteInfo = myChoice;
		};
/* End PBXContainerItemProxy section */

/* Begin PBXFileReference section */
		2800CFD21463451C007E8673 /* myChoice.app */ = {isa = PBXFileReference; explicitFileType = wrapper.application; includeInIndex = 0; path = myChoice.app; sourceTree = BUILT_PRODUCTS_DIR; };
		2800CFD61463451C007E8673 /* UIKit.framework */ = {isa = PBXFileReference; lastKnownFileType = wrapper.framework; name = UIKit.framework; path = System/Library/Frameworks/UIKit.framework; sourceTree = SDKROOT; };
		2800CFD81463451C007E8673 /* Foundation.framework */ = {isa = PBXFileReference; lastKnownFileType = wrapper.framework; name = Foundation.framework; path = System/Library/Frameworks/Foundation.framework; sourceTree = SDKROOT; };
		2800CFDA1463451C007E8673 /* CoreGraphics.framework */ = {isa = PBXFileReference; lastKnownFileType = wrapper.framework; name = CoreGraphics.framework; path = System/Library/Frameworks/CoreGraphics.framework; sourceTree = SDKROOT; };
		2800CFDE1463451C007E8673 /* myChoice-Info.plist */ = {isa = PBXFileReference; lastKnownFileType = text.plist.xml; path = "myChoice-Info.plist"; sourceTree = "<group>"; };
		2800CFE01463451C007E8673 /* en */ = {isa = PBXFileReference; lastKnownFileType = text.plist.strings; name = en; path = en.lproj/InfoPlist.strings; sourceTree = "<group>"; };
		2800CFE21463451C007E8673 /* main.m */ = {isa = PBXFileReference; lastKnownFileType = sourcecode.c.objc; path = main.m; sourceTree = "<group>"; };
		2800CFE41463451C007E8673 /* myChoice-Prefix.pch */ = {isa = PBXFileReference; lastKnownFileType = sourcecode.c.h; path = "myChoice-Prefix.pch"; sourceTree = "<group>"; };
		2800CFE51463451C007E8673 /* AppDelegate.h */ = {isa = PBXFileReference; lastKnownFileType = sourcecode.c.h; path = AppDelegate.h; sourceTree = "<group>"; };
		2800CFE61463451C007E8673 /* AppDelegate.m */ = {isa = PBXFileReference; lastKnownFileType = sourcecode.c.objc; path = AppDelegate.m; sourceTree = "<group>"; };
		2800CFF31463451C007E8673 /* myChoiceTests.octest */ = {isa = PBXFileReference; explicitFileType = wrapper.cfbundle; includeInIndex = 0; path = myChoiceTests.octest; sourceTree = BUILT_PRODUCTS_DIR; };
		2800CFF41463451C007E8673 /* SenTestingKit.framework */ = {isa = PBXFileReference; lastKnownFileType = wrapper.framework; name = SenTestingKit.framework; path = Library/Frameworks/SenTestingKit.framework; sourceTree = DEVELOPER_DIR; };
		2800CFFC1463451C007E8673 /* myChoiceTests-Info.plist */ = {isa = PBXFileReference; lastKnownFileType = text.plist.xml; path = "myChoiceTests-Info.plist"; sourceTree = "<group>"; };
		2800CFFE1463451C007E8673 /* en */ = {isa = PBXFileReference; lastKnownFileType = text.plist.strings; name = en; path = en.lproj/InfoPlist.strings; sourceTree = "<group>"; };
		2800D0001463451C007E8673 /* myChoiceTests.h */ = {isa = PBXFileReference; lastKnownFileType = sourcecode.c.h; path = myChoiceTests.h; sourceTree = "<group>"; };
		2800D0011463451C007E8673 /* myChoiceTests.m */ = {isa = PBXFileReference; lastKnownFileType = sourcecode.c.objc; path = myChoiceTests.m; sourceTree = "<group>"; };
		2837988B146705C0002C60E7 /* mainbg.png */ = {isa = PBXFileReference; lastKnownFileType = image.png; name = mainbg.png; path = images/mainbg.png; sourceTree = "<group>"; };
		283BAE17146E1D3B00C7984C /* RootViewController.h */ = {isa = PBXFileReference; fileEncoding = 4; lastKnownFileType = sourcecode.c.h; path = RootViewController.h; sourceTree = "<group>"; };
		283BAE18146E1D3B00C7984C /* RootViewController.m */ = {isa = PBXFileReference; fileEncoding = 4; lastKnownFileType = sourcecode.c.objc; path = RootViewController.m; sourceTree = "<group>"; };
		283BAE7A146F58EB00C7984C /* DataViewController.h */ = {isa = PBXFileReference; fileEncoding = 4; lastKnownFileType = sourcecode.c.h; path = DataViewController.h; sourceTree = "<group>"; };
		283BAE7B146F58EB00C7984C /* DataViewController.m */ = {isa = PBXFileReference; fileEncoding = 4; lastKnownFileType = sourcecode.c.objc; path = DataViewController.m; sourceTree = "<group>"; };
		283BAE81146F598D00C7984C /* ModelController.h */ = {isa = PBXFileReference; fileEncoding = 4; lastKnownFileType = sourcecode.c.h; path = ModelController.h; sourceTree = "<group>"; };
		283BAE82146F598D00C7984C /* ModelController.m */ = {isa = PBXFileReference; fileEncoding = 4; lastKnownFileType = sourcecode.c.objc; path = ModelController.m; sourceTree = "<group>"; };
		283BAE84146F677F00C7984C /* MainStoryboard.storyboard */ = {isa = PBXFileReference; fileEncoding = 4; lastKnownFileType = file.storyboard; path = MainStoryboard.storyboard; sourceTree = "<group>"; };
		283BAE92146F86AC00C7984C /* nokia-x7.jpg */ = {isa = PBXFileReference; lastKnownFileType = image.jpeg; name = "nokia-x7.jpg"; path = "images/nokia-x7.jpg"; sourceTree = "<group>"; };
		283BAE94146F870600C7984C /* chevycamaro.jpg */ = {isa = PBXFileReference; lastKnownFileType = image.jpeg; name = chevycamaro.jpg; path = images/chevycamaro.jpg; sourceTree = "<group>"; };
		283BAE96146F87FE00C7984C /* Lenovo-IdeaCentre-A300.jpg */ = {isa = PBXFileReference; lastKnownFileType = image.jpeg; name = "Lenovo-IdeaCentre-A300.jpg"; path = "images/Lenovo-IdeaCentre-A300.jpg"; sourceTree = "<group>"; };
/* End PBXFileReference section */

/* Begin PBXFrameworksBuildPhase section */
		2800CFCF1463451C007E8673 /* Frameworks */ = {
			isa = PBXFrameworksBuildPhase;
			buildActionMask = 2147483647;
			files = (
				2800CFD71463451C007E8673 /* UIKit.framework in Frameworks */,
				2800CFD91463451C007E8673 /* Foundation.framework in Frameworks */,
				2800CFDB1463451C007E8673 /* CoreGraphics.framework in Frameworks */,
			);
			runOnlyForDeploymentPostprocessing = 0;
		};
		2800CFEF1463451C007E8673 /* Frameworks */ = {
			isa = PBXFrameworksBuildPhase;
			buildActionMask = 2147483647;
			files = (
				2800CFF51463451C007E8673 /* SenTestingKit.framework in Frameworks */,
				2800CFF61463451C007E8673 /* UIKit.framework in Frameworks */,
				2800CFF71463451C007E8673 /* Foundation.framework in Frameworks */,
			);
			runOnlyForDeploymentPostprocessing = 0;
		};
/* End PBXFrameworksBuildPhase section */

/* Begin PBXGroup section */
		2800CFC71463451C007E8673 = {
			isa = PBXGroup;
			children = (
				2800CFDC1463451C007E8673 /* myChoice */,
				2800CFFA1463451C007E8673 /* myChoiceTests */,
				2800CFD51463451C007E8673 /* Frameworks */,
				2800CFD31463451C007E8673 /* Products */,
			);
			sourceTree = "<group>";
		};
		2800CFD31463451C007E8673 /* Products */ = {
			isa = PBXGroup;
			children = (
				2800CFD21463451C007E8673 /* myChoice.app */,
				2800CFF31463451C007E8673 /* myChoiceTests.octest */,
			);
			name = Products;
			sourceTree = "<group>";
		};
		2800CFD51463451C007E8673 /* Frameworks */ = {
			isa = PBXGroup;
			children = (
				2800CFD61463451C007E8673 /* UIKit.framework */,
				2800CFD81463451C007E8673 /* Foundation.framework */,
				2800CFDA1463451C007E8673 /* CoreGraphics.framework */,
				2800CFF41463451C007E8673 /* SenTestingKit.framework */,
			);
			name = Frameworks;
			sourceTree = "<group>";
		};
		2800CFDC1463451C007E8673 /* myChoice */ = {
			isa = PBXGroup;
			children = (
				2837988A146705A7002C60E7 /* images */,
				2800CFE51463451C007E8673 /* AppDelegate.h */,
				2800CFE61463451C007E8673 /* AppDelegate.m */,
				283BAE17146E1D3B00C7984C /* RootViewController.h */,
				283BAE18146E1D3B00C7984C /* RootViewController.m */,
				283BAE7A146F58EB00C7984C /* DataViewController.h */,
				283BAE7B146F58EB00C7984C /* DataViewController.m */,
				283BAE81146F598D00C7984C /* ModelController.h */,
				283BAE82146F598D00C7984C /* ModelController.m */,
				283BAE84146F677F00C7984C /* MainStoryboard.storyboard */,
				2800CFDD1463451C007E8673 /* Supporting Files */,
			);
			path = myChoice;
			sourceTree = "<group>";
		};
		2800CFDD1463451C007E8673 /* Supporting Files */ = {
			isa = PBXGroup;
			children = (
				2800CFDE1463451C007E8673 /* myChoice-Info.plist */,
				2800CFDF1463451C007E8673 /* InfoPlist.strings */,
				2800CFE21463451C007E8673 /* main.m */,
				2800CFE41463451C007E8673 /* myChoice-Prefix.pch */,
			);
			name = "Supporting Files";
			sourceTree = "<group>";
		};
		2800CFFA1463451C007E8673 /* myChoiceTests */ = {
			isa = PBXGroup;
			children = (
				2800D0001463451C007E8673 /* myChoiceTests.h */,
				2800D0011463451C007E8673 /* myChoiceTests.m */,
				2800CFFB1463451C007E8673 /* Supporting Files */,
			);
			path = myChoiceTests;
			sourceTree = "<group>";
		};
		2800CFFB1463451C007E8673 /* Supporting Files */ = {
			isa = PBXGroup;
			children = (
				2800CFFC1463451C007E8673 /* myChoiceTests-Info.plist */,
				2800CFFD1463451C007E8673 /* InfoPlist.strings */,
			);
			name = "Supporting Files";
			sourceTree = "<group>";
		};
		2837988A146705A7002C60E7 /* images */ = {
			isa = PBXGroup;
			children = (
				283BAE96146F87FE00C7984C /* Lenovo-IdeaCentre-A300.jpg */,
				283BAE94146F870600C7984C /* chevycamaro.jpg */,
				283BAE92146F86AC00C7984C /* nokia-x7.jpg */,
				2837988B146705C0002C60E7 /* mainbg.png */,
			);
			name = images;
			sourceTree = "<group>";
		};
/* End PBXGroup section */

/* Begin PBXNativeTarget section */
		2800CFD11463451C007E8673 /* myChoice */ = {
			isa = PBXNativeTarget;
			buildConfigurationList = 2800D0051463451C007E8673 /* Build configuration list for PBXNativeTarget "myChoice" */;
			buildPhases = (
				2800CFCE1463451C007E8673 /* Sources */,
				2800CFCF1463451C007E8673 /* Frameworks */,
				2800CFD01463451C007E8673 /* Resources */,
			);
			buildRules = (
			);
			dependencies = (
			);
			name = myChoice;
			productName = myChoice;
			productReference = 2800CFD21463451C007E8673 /* myChoice.app */;
			productType = "com.apple.product-type.application";
		};
		2800CFF21463451C007E8673 /* myChoiceTests */ = {
			isa = PBXNativeTarget;
			buildConfigurationList = 2800D0081463451C007E8673 /* Build configuration list for PBXNativeTarget "myChoiceTests" */;
			buildPhases = (
				2800CFEE1463451C007E8673 /* Sources */,
				2800CFEF1463451C007E8673 /* Frameworks */,
				2800CFF01463451C007E8673 /* Resources */,
				2800CFF11463451C007E8673 /* ShellScript */,
			);
			buildRules = (
			);
			dependencies = (
				2800CFF91463451C007E8673 /* PBXTargetDependency */,
			);
			name = myChoiceTests;
			productName = myChoiceTests;
			productReference = 2800CFF31463451C007E8673 /* myChoiceTests.octest */;
			productType = "com.apple.product-type.bundle";
		};
/* End PBXNativeTarget section */

/* Begin PBXProject section */
		2800CFC91463451C007E8673 /* Project object */ = {
			isa = PBXProject;
			attributes = {
				LastUpgradeCheck = 0420;
				ORGANIZATIONNAME = "McKay Industries";
			};
			buildConfigurationList = 2800CFCC1463451C007E8673 /* Build configuration list for PBXProject "myChoice" */;
			compatibilityVersion = "Xcode 3.2";
			developmentRegion = English;
			hasScannedForEncodings = 0;
			knownRegions = (
				en,
			);
			mainGroup = 2800CFC71463451C007E8673;
			productRefGroup = 2800CFD31463451C007E8673 /* Products */;
			projectDirPath = "";
			projectRoot = "";
			targets = (
				2800CFD11463451C007E8673 /* myChoice */,
				2800CFF21463451C007E8673 /* myChoiceTests */,
			);
		};
/* End PBXProject section */

/* Begin PBXResourcesBuildPhase section */
		2800CFD01463451C007E8673 /* Resources */ = {
			isa = PBXResourcesBuildPhase;
			buildActionMask = 2147483647;
			files = (
				2800CFE11463451C007E8673 /* InfoPlist.strings in Resources */,
				2837988C146705C0002C60E7 /* mainbg.png in Resources */,
				283BAE85146F678000C7984C /* MainStoryboard.storyboard in Resources */,
				283BAE93146F86AC00C7984C /* nokia-x7.jpg in Resources */,
				283BAE95146F870600C7984C /* chevycamaro.jpg in Resources */,
				283BAE97146F87FE00C7984C /* Lenovo-IdeaCentre-A300.jpg in Resources */,
			);
			runOnlyForDeploymentPostprocessing = 0;
		};
		2800CFF01463451C007E8673 /* Resources */ = {
			isa = PBXResourcesBuildPhase;
			buildActionMask = 2147483647;
			files = (
				2800CFFF1463451C007E8673 /* InfoPlist.strings in Resources */,
			);
			runOnlyForDeploymentPostprocessing = 0;
		};
/* End PBXResourcesBuildPhase section */

/* Begin PBXShellScriptBuildPhase section */
		2800CFF11463451C007E8673 /* ShellScript */ = {
			isa = PBXShellScriptBuildPhase;
			buildActionMask = 2147483647;
			files = (
			);
			inputPaths = (
			);
			outputPaths = (
			);
			runOnlyForDeploymentPostprocessing = 0;
			shellPath = /bin/sh;
			shellScript = "# Run the unit tests in this test bundle.\n\"${SYSTEM_DEVELOPER_DIR}/Tools/RunUnitTests\"\n";
		};
/* End PBXShellScriptBuildPhase section */

/* Begin PBXSourcesBuildPhase section */
		2800CFCE1463451C007E8673 /* Sources */ = {
			isa = PBXSourcesBuildPhase;
			buildActionMask = 2147483647;
			files = (
				2800CFE31463451C007E8673 /* main.m in Sources */,
				2800CFE71463451C007E8673 /* AppDelegate.m in Sources */,
				283BAE19146E1D3B00C7984C /* RootViewController.m in Sources */,
				283BAE7C146F58EB00C7984C /* DataViewController.m in Sources */,
				283BAE83146F598D00C7984C /* ModelController.m in Sources */,
			);
			runOnlyForDeploymentPostprocessing = 0;
		};
		2800CFEE1463451C007E8673 /* Sources */ = {
			isa = PBXSourcesBuildPhase;
			buildActionMask = 2147483647;
			files = (
				2800D0021463451C007E8673 /* myChoiceTests.m in Sources */,
			);
			runOnlyForDeploymentPostprocessing = 0;
		};
/* End PBXSourcesBuildPhase section */

/* Begin PBXTargetDependency section */
		2800CFF91463451C007E8673 /* PBXTargetDependency */ = {
			isa = PBXTargetDependency;
			target = 2800CFD11463451C007E8673 /* myChoice */;
			targetProxy = 2800CFF81463451C007E8673 /* PBXContainerItemProxy */;
		};
/* End PBXTargetDependency section */

/* Begin PBXVariantGroup section */
		2800CFDF1463451C007E8673 /* InfoPlist.strings */ = {
			isa = PBXVariantGroup;
			children = (
				2800CFE01463451C007E8673 /* en */,
			);
			name = InfoPlist.strings;
			sourceTree = "<group>";
		};
		2800CFFD1463451C007E8673 /* InfoPlist.strings */ = {
			isa = PBXVariantGroup;
			children = (
				2800CFFE1463451C007E8673 /* en */,
			);
			name = InfoPlist.strings;
			sourceTree = "<group>";
		};
/* End PBXVariantGroup section */

/* Begin XCBuildConfiguration section */
		2800D0031463451C007E8673 /* Debug */ = {
			isa = XCBuildConfiguration;
			buildSettings = {
				ALWAYS_SEARCH_USER_PATHS = NO;
				ARCHS = "$(ARCHS_STANDARD_32_BIT)";
				CLANG_ENABLE_OBJC_ARC = YES;
				"CODE_SIGN_IDENTITY[sdk=iphoneos*]" = "iPhone Developer";
				COPY_PHASE_STRIP = NO;
				GCC_C_LANGUAGE_STANDARD = gnu99;
				GCC_DYNAMIC_NO_PIC = NO;
				GCC_OPTIMIZATION_LEVEL = 0;
				GCC_PREPROCESSOR_DEFINITIONS = (
					"DEBUG=1",
					"$(inherited)",
				);
				GCC_SYMBOLS_PRIVATE_EXTERN = NO;
				GCC_VERSION = com.apple.compilers.llvm.clang.1_0;
				GCC_WARN_ABOUT_MISSING_PROTOTYPES = YES;
				GCC_WARN_ABOUT_RETURN_TYPE = YES;
				GCC_WARN_UNUSED_VARIABLE = YES;
				IPHONEOS_DEPLOYMENT_TARGET = 5.0;
				SDKROOT = iphoneos;
			};
			name = Debug;
		};
		2800D0041463451C007E8673 /* Release */ = {
			isa = XCBuildConfiguration;
			buildSettings = {
				ALWAYS_SEARCH_USER_PATHS = NO;
				ARCHS = "$(ARCHS_STANDARD_32_BIT)";
				CLANG_ENABLE_OBJC_ARC = YES;
				"CODE_SIGN_IDENTITY[sdk=iphoneos*]" = "iPhone Developer";
				COPY_PHASE_STRIP = YES;
				GCC_C_LANGUAGE_STANDARD = gnu99;
				GCC_VERSION = com.apple.compilers.llvm.clang.1_0;
				GCC_WARN_ABOUT_MISSING_PROTOTYPES = YES;
				GCC_WARN_ABOUT_RETURN_TYPE = YES;
				GCC_WARN_UNUSED_VARIABLE = YES;
				IPHONEOS_DEPLOYMENT_TARGET = 5.0;
				OTHER_CFLAGS = "-DNS_BLOCK_ASSERTIONS=1";
				SDKROOT = iphoneos;
				VALIDATE_PRODUCT = YES;
			};
			name = Release;
		};
		2800D0061463451C007E8673 /* Debug */ = {
			isa = XCBuildConfiguration;
			buildSettings = {
				GCC_PRECOMPILE_PREFIX_HEADER = YES;
				GCC_PREFIX_HEADER = "myChoice/myChoice-Prefix.pch";
				INFOPLIST_FILE = "myChoice/myChoice-Info.plist";
				PRODUCT_NAME = "$(TARGET_NAME)";
				WRAPPER_EXTENSION = app;
			};
			name = Debug;
		};
		2800D0071463451C007E8673 /* Release */ = {
			isa = XCBuildConfiguration;
			buildSettings = {
				GCC_PRECOMPILE_PREFIX_HEADER = YES;
				GCC_PREFIX_HEADER = "myChoice/myChoice-Prefix.pch";
				INFOPLIST_FILE = "myChoice/myChoice-Info.plist";
				PRODUCT_NAME = "$(TARGET_NAME)";
				WRAPPER_EXTENSION = app;
			};
			name = Release;
		};
		2800D0091463451C007E8673 /* Debug */ = {
			isa = XCBuildConfiguration;
			buildSettings = {
				BUNDLE_LOADER = "$(BUILT_PRODUCTS_DIR)/myChoice.app/myChoice";
				FRAMEWORK_SEARCH_PATHS = (
					"$(SDKROOT)/Developer/Library/Frameworks",
					"$(DEVELOPER_LIBRARY_DIR)/Frameworks",
				);
				GCC_PRECOMPILE_PREFIX_HEADER = YES;
				GCC_PREFIX_HEADER = "myChoice/myChoice-Prefix.pch";
				INFOPLIST_FILE = "myChoiceTests/myChoiceTests-Info.plist";
				PRODUCT_NAME = "$(TARGET_NAME)";
				TEST_HOST = "$(BUNDLE_LOADER)";
				WRAPPER_EXTENSION = octest;
			};
			name = Debug;
		};
		2800D00A1463451C007E8673 /* Release */ = {
			isa = XCBuildConfiguration;
			buildSettings = {
				BUNDLE_LOADER = "$(BUILT_PRODUCTS_DIR)/myChoice.app/myChoice";
				FRAMEWORK_SEARCH_PATHS = (
					"$(SDKROOT)/Developer/Library/Frameworks",
					"$(DEVELOPER_LIBRARY_DIR)/Frameworks",
				);
				GCC_PRECOMPILE_PREFIX_HEADER = YES;
				GCC_PREFIX_HEADER = "myChoice/myChoice-Prefix.pch";
				INFOPLIST_FILE = "myChoiceTests/myChoiceTests-Info.plist";
				PRODUCT_NAME = "$(TARGET_NAME)";
				TEST_HOST = "$(BUNDLE_LOADER)";
				WRAPPER_EXTENSION = octest;
			};
			name = Release;
		};
/* End XCBuildConfiguration section */

/* Begin XCConfigurationList section */
		2800CFCC1463451C007E8673 /* Build configuration list for PBXProject "myChoice" */ = {
			isa = XCConfigurationList;
			buildConfigurations = (
				2800D0031463451C007E8673 /* Debug */,
				2800D0041463451C007E8673 /* Release */,
			);
			defaultConfigurationIsVisible = 0;
			defaultConfigurationName = Release;
		};
		2800D0051463451C007E8673 /* Build configuration list for PBXNativeTarget "myChoice" */ = {
			isa = XCConfigurationList;
			buildConfigurations = (
				2800D0061463451C007E8673 /* Debug */,
				2800D0071463451C007E8673 /* Release */,
			);
			defaultConfigurationIsVisible = 0;
			defaultConfigurationName = Release;
		};
		2800D0081463451C007E8673 /* Build configuration list for PBXNativeTarget "myChoiceTests" */ = {
			isa = XCConfigurationList;
			buildConfigurations = (
				2800D0091463451C007E8673 /* Debug */,
				2800D00A1463451C007E8673 /* Release */,
			);
			defaultConfigurationIsVisible = 0;
			defaultConfigurationName = Release;
		};
/* End XCConfigurationList section */
	};
	rootObject = 2800CFC91463451C007E8673 /* Project object */;
}
